
Microsoft Visual Studio Solution File, Format Version 12.00
Project("{FAE04EC0-301F-11D3-BF4B-00C04F79EFBC}") = "Patterns.Builder", "Patterns.Builder\Patterns.Builder.csproj", "{2EC7ED41-6267-4909-A146-76980262C6A4}"
EndProject
Project("{FAE04EC0-301F-11D3-BF4B-00C04F79EFBC}") = "Patterns.Facade", "Patterns.Facade\Patterns.Facade.csproj", "{9D0C5DBC-6A76-44E2-BB8E-C0F21373696A}"
EndProject
Global
	GlobalSection(SolutionConfigurationPlatforms) = preSolution
		Debug|Any CPU = Debug|Any CPU
		Release|Any CPU = Release|Any CPU
	EndGlobalSection
	GlobalSection(ProjectConfigurationPlatforms) = postSolution
		{2EC7ED41-6267-4909-A146-76980262C6A4}.Debug|Any CPU.ActiveCfg = Debug|Any CPU
		{2EC7ED41-6267-4909-A146-76980262C6A4}.Debug|Any CPU.Build.0 = Debug|Any CPU
		{2EC7ED41-6267-4909-A146-76980262C6A4}.Release|Any CPU.ActiveCfg = Release|Any CPU
		{2EC7ED41-6267-4909-A146-76980262C6A4}.Release|Any CPU.Build.0 = Release|Any CPU
		{9D0C5DBC-6A76-44E2-BB8E-C0F21373696A}.Debug|Any CPU.ActiveCfg = Debug|Any CPU
		{9D0C5DBC-6A76-44E2-BB8E-C0F21373696A}.Debug|Any CPU.Build.0 = Debug|Any CPU
		{9D0C5DBC-6A76-44E2-BB8E-C0F21373696A}.Release|Any CPU.ActiveCfg = Release|Any CPU
		{9D0C5DBC-6A76-44E2-BB8E-C0F21373696A}.Release|Any CPU.Build.0 = Release|Any CPU
	EndGlobalSection
EndGlobal
